
Microsoft Visual Studio Solution File, Format Version 12.00
# Visual Studio Version 16
VisualStudioVersion = 16.0.30204.135
MinimumVisualStudioVersion = 10.0.40219.1
Project("{FAE04EC0-301F-11D3-BF4B-00C04F79EFBC}") = "Cuadrilateros.Datos", "Cuadrilateros.Datos\Cuadrilateros.Datos.csproj", "{59AA314D-783D-48BE-8700-56ED0B5ED008}"
EndProject
Project("{FAE04EC0-301F-11D3-BF4B-00C04F79EFBC}") = "Cuadrilateros.Entities", "Cuadrilateros.Entities\Cuadrilateros.Entities.csproj", "{34952C65-1CE4-4FB8-A640-3F64AC4218D6}"
EndProject
Project("{FAE04EC0-301F-11D3-BF4B-00C04F79EFBC}") = "Cuadrilateros.Presentacion", "Cuadrilateros.Presentacion\Cuadrilateros.Presentacion.csproj", "{DF4FA3A8-598C-43D0-B53A-48D0E6FEE84F}"
EndProject
Global
	GlobalSection(SolutionConfigurationPlatforms) = preSolution
		Debug|Any CPU = Debug|Any CPU
		Release|Any CPU = Release|Any CPU
	EndGlobalSection
	GlobalSection(ProjectConfigurationPlatforms) = postSolution
		{59AA314D-783D-48BE-8700-56ED0B5ED008}.Debug|Any CPU.ActiveCfg = Debug|Any CPU
		{59AA314D-783D-48BE-8700-56ED0B5ED008}.Debug|Any CPU.Build.0 = Debug|Any CPU
		{59AA314D-783D-48BE-8700-56ED0B5ED008}.Release|Any CPU.ActiveCfg = Release|Any CPU
		{59AA314D-783D-48BE-8700-56ED0B5ED008}.Release|Any CPU.Build.0 = Release|Any CPU
		{34952C65-1CE4-4FB8-A640-3F64AC4218D6}.Debug|Any CPU.ActiveCfg = Debug|Any CPU
		{34952C65-1CE4-4FB8-A640-3F64AC4218D6}.Debug|Any CPU.Build.0 = Debug|Any CPU
		{34952C65-1CE4-4FB8-A640-3F64AC4218D6}.Release|Any CPU.ActiveCfg = Release|Any CPU
		{34952C65-1CE4-4FB8-A640-3F64AC4218D6}.Release|Any CPU.Build.0 = Release|Any CPU
		{DF4FA3A8-598C-43D0-B53A-48D0E6FEE84F}.Debug|Any CPU.ActiveCfg = Debug|Any CPU
		{DF4FA3A8-598C-43D0-B53A-48D0E6FEE84F}.Debug|Any CPU.Build.0 = Debug|Any CPU
		{DF4FA3A8-598C-43D0-B53A-48D0E6FEE84F}.Release|Any CPU.ActiveCfg = Release|Any CPU
		{DF4FA3A8-598C-43D0-B53A-48D0E6FEE84F}.Release|Any CPU.Build.0 = Release|Any CPU
	EndGlobalSection
	GlobalSection(SolutionProperties) = preSolution
		HideSolutionNode = FALSE
	EndGlobalSection
	GlobalSection(ExtensibilityGlobals) = postSolution
		SolutionGuid = {AE3772AD-BF0C-4ED0-8626-6953F5FDAFAF}
	EndGlobalSection
EndGlobal
